// !$*UTF8*$!
{
	archiveVersion = 1;
	classes = {
	};
	objectVersion = 50;
	objects = {

/* Begin PBXBuildFile section */
		F42AC24127194ED50042DBC8 /* AppDelegate.swift in Sources */ = {isa = PBXBuildFile; fileRef = F42AC24027194ED50042DBC8 /* AppDelegate.swift */; };
		F42AC24327194ED50042DBC8 /* SceneDelegate.swift in Sources */ = {isa = PBXBuildFile; fileRef = F42AC24227194ED50042DBC8 /* SceneDelegate.swift */; };
		F42AC24527194ED50042DBC8 /* ViewController.swift in Sources */ = {isa = PBXBuildFile; fileRef = F42AC24427194ED50042DBC8 /* ViewController.swift */; };
		F42AC24827194ED50042DBC8 /* Main.storyboard in Resources */ = {isa = PBXBuildFile; fileRef = F42AC24627194ED50042DBC8 /* Main.storyboard */; };
		F42AC24A27194ED60042DBC8 /* Assets.xcassets in Resources */ = {isa = PBXBuildFile; fileRef = F42AC24927194ED60042DBC8 /* Assets.xcassets */; };
		F42AC24D27194ED60042DBC8 /* LaunchScreen.storyboard in Resources */ = {isa = PBXBuildFile; fileRef = F42AC24B27194ED60042DBC8 /* LaunchScreen.storyboard */; };
		F42AC25827194ED60042DBC8 /* ParstagramTests.swift in Sources */ = {isa = PBXBuildFile; fileRef = F42AC25727194ED60042DBC8 /* ParstagramTests.swift */; };
		F42AC26327194ED60042DBC8 /* ParstagramUITests.swift in Sources */ = {isa = PBXBuildFile; fileRef = F42AC26227194ED60042DBC8 /* ParstagramUITests.swift */; };
/* End PBXBuildFile section */

/* Begin PBXContainerItemProxy section */
		F42AC25427194ED60042DBC8 /* PBXContainerItemProxy */ = {
			isa = PBXContainerItemProxy;
			containerPortal = F42AC23527194ED50042DBC8 /* Project object */;
			proxyType = 1;
			remoteGlobalIDString = F42AC23C27194ED50042DBC8;
			remoteInfo = Parstagram;
		};
		F42AC25F27194ED60042DBC8 /* PBXContainerItemProxy */ = {
			isa = PBXContainerItemProxy;
			containerPortal = F42AC23527194ED50042DBC8 /* Project object */;
			proxyType = 1;
			remoteGlobalIDString = F42AC23C27194ED50042DBC8;
			remoteInfo = Parstagram;
		};
/* End PBXContainerItemProxy section */

/* Begin PBXFileReference section */
		F42AC23D27194ED50042DBC8 /* Parstagram.app */ = {isa = PBXFileReference; explicitFileType = wrapper.application; includeInIndex = 0; path = Parstagram.app; sourceTree = BUILT_PRODUCTS_DIR; };
		F42AC24027194ED50042DBC8 /* AppDelegate.swift */ = {isa = PBXFileReference; lastKnownFileType = sourcecode.swift; path = AppDelegate.swift; sourceTree = "<group>"; };
		F42AC24227194ED50042DBC8 /* SceneDelegate.swift */ = {isa = PBXFileReference; lastKnownFileType = sourcecode.swift; path = SceneDelegate.swift; sourceTree = "<group>"; };
		F42AC24427194ED50042DBC8 /* ViewController.swift */ = {isa = PBXFileReference; lastKnownFileType = sourcecode.swift; path = ViewController.swift; sourceTree = "<group>"; };
		F42AC24727194ED50042DBC8 /* Base */ = {isa = PBXFileReference; lastKnownFileType = file.storyboard; name = Base; path = Base.lproj/Main.storyboard; sourceTree = "<group>"; };
		F42AC24927194ED60042DBC8 /* Assets.xcassets */ = {isa = PBXFileReference; lastKnownFileType = folder.assetcatalog; path = Assets.xcassets; sourceTree = "<group>"; };
		F42AC24C27194ED60042DBC8 /* Base */ = {isa = PBXFileReference; lastKnownFileType = file.storyboard; name = Base; path = Base.lproj/LaunchScreen.storyboard; sourceTree = "<group>"; };
		F42AC24E27194ED60042DBC8 /* Info.plist */ = {isa = PBXFileReference; lastKnownFileType = text.plist.xml; path = Info.plist; sourceTree = "<group>"; };
		F42AC25327194ED60042DBC8 /* ParstagramTests.xctest */ = {isa = PBXFileReference; explicitFileType = wrapper.cfbundle; includeInIndex = 0; path = ParstagramTests.xctest; sourceTree = BUILT_PRODUCTS_DIR; };
		F42AC25727194ED60042DBC8 /* ParstagramTests.swift */ = {isa = PBXFileReference; lastKnownFileType = sourcecode.swift; path = ParstagramTests.swift; sourceTree = "<group>"; };
		F42AC25927194ED60042DBC8 /* Info.plist */ = {isa = PBXFileReference; lastKnownFileType = text.plist.xml; path = Info.plist; sourceTree = "<group>"; };
		F42AC25E27194ED60042DBC8 /* ParstagramUITests.xctest */ = {isa = PBXFileReference; explicitFileType = wrapper.cfbundle; includeInIndex = 0; path = ParstagramUITests.xctest; sourceTree = BUILT_PRODUCTS_DIR; };
		F42AC26227194ED60042DBC8 /* ParstagramUITests.swift */ = {isa = PBXFileReference; lastKnownFileType = sourcecode.swift; path = ParstagramUITests.swift; sourceTree = "<group>"; };
		F42AC26427194ED60042DBC8 /* Info.plist */ = {isa = PBXFileReference; lastKnownFileType = text.plist.xml; path = Info.plist; sourceTree = "<group>"; };
/* End PBXFileReference section */

/* Begin PBXFrameworksBuildPhase section */
		F42AC23A27194ED50042DBC8 /* Frameworks */ = {
			isa = PBXFrameworksBuildPhase;
			buildActionMask = 2147483647;
			files = (
			);
			runOnlyForDeploymentPostprocessing = 0;
		};
		F42AC25027194ED60042DBC8 /* Frameworks */ = {
			isa = PBXFrameworksBuildPhase;
			buildActionMask = 2147483647;
			files = (
			);
			runOnlyForDeploymentPostprocessing = 0;
		};
		F42AC25B27194ED60042DBC8 /* Frameworks */ = {
			isa = PBXFrameworksBuildPhase;
			buildActionMask = 2147483647;
			files = (
			);
			runOnlyForDeploymentPostprocessing = 0;
		};
/* End PBXFrameworksBuildPhase section */

/* Begin PBXGroup section */
		F42AC23427194ED50042DBC8 = {
			isa = PBXGroup;
			children = (
				F42AC23F27194ED50042DBC8 /* Parstagram */,
				F42AC25627194ED60042DBC8 /* ParstagramTests */,
				F42AC26127194ED60042DBC8 /* ParstagramUITests */,
				F42AC23E27194ED50042DBC8 /* Products */,
			);
			sourceTree = "<group>";
		};
		F42AC23E27194ED50042DBC8 /* Products */ = {
			isa = PBXGroup;
			children = (
				F42AC23D27194ED50042DBC8 /* Parstagram.app */,
				F42AC25327194ED60042DBC8 /* ParstagramTests.xctest */,
				F42AC25E27194ED60042DBC8 /* ParstagramUITests.xctest */,
			);
			name = Products;
			sourceTree = "<group>";
		};
		F42AC23F27194ED50042DBC8 /* Parstagram */ = {
			isa = PBXGroup;
			children = (
				F42AC24027194ED50042DBC8 /* AppDelegate.swift */,
				F42AC24227194ED50042DBC8 /* SceneDelegate.swift */,
				F42AC24427194ED50042DBC8 /* ViewController.swift */,
				F42AC24627194ED50042DBC8 /* Main.storyboard */,
				F42AC24927194ED60042DBC8 /* Assets.xcassets */,
				F42AC24B27194ED60042DBC8 /* LaunchScreen.storyboard */,
				F42AC24E27194ED60042DBC8 /* Info.plist */,
			);
			path = Parstagram;
			sourceTree = "<group>";
		};
		F42AC25627194ED60042DBC8 /* ParstagramTests */ = {
			isa = PBXGroup;
			children = (
				F42AC25727194ED60042DBC8 /* ParstagramTests.swift */,
				F42AC25927194ED60042DBC8 /* Info.plist */,
			);
			path = ParstagramTests;
			sourceTree = "<group>";
		};
		F42AC26127194ED60042DBC8 /* ParstagramUITests */ = {
			isa = PBXGroup;
			children = (
				F42AC26227194ED60042DBC8 /* ParstagramUITests.swift */,
				F42AC26427194ED60042DBC8 /* Info.plist */,
			);
			path = ParstagramUITests;
			sourceTree = "<group>";
		};
/* End PBXGroup section */

/* Begin PBXNativeTarget section */
		F42AC23C27194ED50042DBC8 /* Parstagram */ = {
			isa = PBXNativeTarget;
			buildConfigurationList = F42AC26727194ED60042DBC8 /* Build configuration list for PBXNativeTarget "Parstagram" */;
			buildPhases = (
				F42AC23927194ED50042DBC8 /* Sources */,
				F42AC23A27194ED50042DBC8 /* Frameworks */,
				F42AC23B27194ED50042DBC8 /* Resources */,
			);
			buildRules = (
			);
			dependencies = (
			);
			name = Parstagram;
			productName = Parstagram;
			productReference = F42AC23D27194ED50042DBC8 /* Parstagram.app */;
			productType = "com.apple.product-type.application";
		};
		F42AC25227194ED60042DBC8 /* ParstagramTests */ = {
			isa = PBXNativeTarget;
			buildConfigurationList = F42AC26A27194ED60042DBC8 /* Build configuration list for PBXNativeTarget "ParstagramTests" */;
			buildPhases = (
				F42AC24F27194ED60042DBC8 /* Sources */,
				F42AC25027194ED60042DBC8 /* Frameworks */,
				F42AC25127194ED60042DBC8 /* Resources */,
			);
			buildRules = (
			);
			dependencies = (
				F42AC25527194ED60042DBC8 /* PBXTargetDependency */,
			);
			name = ParstagramTests;
			productName = ParstagramTests;
			productReference = F42AC25327194ED60042DBC8 /* ParstagramTests.xctest */;
			productType = "com.apple.product-type.bundle.unit-test";
		};
		F42AC25D27194ED60042DBC8 /* ParstagramUITests */ = {
			isa = PBXNativeTarget;
			buildConfigurationList = F42AC26D27194ED60042DBC8 /* Build configuration list for PBXNativeTarget "ParstagramUITests" */;
			buildPhases = (
				F42AC25A27194ED60042DBC8 /* Sources */,
				F42AC25B27194ED60042DBC8 /* Frameworks */,
				F42AC25C27194ED60042DBC8 /* Resources */,
			);
			buildRules = (
			);
			dependencies = (
				F42AC26027194ED60042DBC8 /* PBXTargetDependency */,
			);
			name = ParstagramUITests;
			productName = ParstagramUITests;
			productReference = F42AC25E27194ED60042DBC8 /* ParstagramUITests.xctest */;
			productType = "com.apple.product-type.bundle.ui-testing";
		};
/* End PBXNativeTarget section */

/* Begin PBXProject section */
		F42AC23527194ED50042DBC8 /* Project object */ = {
			isa = PBXProject;
			attributes = {
				LastSwiftUpdateCheck = 1250;
				LastUpgradeCheck = 1250;
				TargetAttributes = {
					F42AC23C27194ED50042DBC8 = {
						CreatedOnToolsVersion = 12.5.1;
					};
					F42AC25227194ED60042DBC8 = {
						CreatedOnToolsVersion = 12.5.1;
						TestTargetID = F42AC23C27194ED50042DBC8;
					};
					F42AC25D27194ED60042DBC8 = {
						CreatedOnToolsVersion = 12.5.1;
						TestTargetID = F42AC23C27194ED50042DBC8;
					};
				};
			};
			buildConfigurationList = F42AC23827194ED50042DBC8 /* Build configuration list for PBXProject "Parstagram" */;
			compatibilityVersion = "Xcode 9.3";
			developmentRegion = en;
			hasScannedForEncodings = 0;
			knownRegions = (
				en,
				Base,
			);
			mainGroup = F42AC23427194ED50042DBC8;
			productRefGroup = F42AC23E27194ED50042DBC8 /* Products */;
			projectDirPath = "";
			projectRoot = "";
			targets = (
				F42AC23C27194ED50042DBC8 /* Parstagram */,
				F42AC25227194ED60042DBC8 /* ParstagramTests */,
				F42AC25D27194ED60042DBC8 /* ParstagramUITests */,
			);
		};
/* End PBXProject section */

/* Begin PBXResourcesBuildPhase section */
		F42AC23B27194ED50042DBC8 /* Resources */ = {
			isa = PBXResourcesBuildPhase;
			buildActionMask = 2147483647;
			files = (
				F42AC24D27194ED60042DBC8 /* LaunchScreen.storyboard in Resources */,
				F42AC24A27194ED60042DBC8 /* Assets.xcassets in Resources */,
				F42AC24827194ED50042DBC8 /* Main.storyboard in Resources */,
			);
			runOnlyForDeploymentPostprocessing = 0;
		};
		F42AC25127194ED60042DBC8 /* Resources */ = {
			isa = PBXResourcesBuildPhase;
			buildActionMask = 2147483647;
			files = (
			);
			runOnlyForDeploymentPostprocessing = 0;
		};
		F42AC25C27194ED60042DBC8 /* Resources */ = {
			isa = PBXResourcesBuildPhase;
			buildActionMask = 2147483647;
			files = (
			);
			runOnlyForDeploymentPostprocessing = 0;
		};
/* End PBXResourcesBuildPhase section */

/* Begin PBXSourcesBuildPhase section */
		F42AC23927194ED50042DBC8 /* Sources */ = {
			isa = PBXSourcesBuildPhase;
			buildActionMask = 2147483647;
			files = (
				F42AC24527194ED50042DBC8 /* ViewController.swift in Sources */,
				F42AC24127194ED50042DBC8 /* AppDelegate.swift in Sources */,
				F42AC24327194ED50042DBC8 /* SceneDelegate.swift in Sources */,
			);
			runOnlyForDeploymentPostprocessing = 0;
		};
		F42AC24F27194ED60042DBC8 /* Sources */ = {
			isa = PBXSourcesBuildPhase;
			buildActionMask = 2147483647;
			files = (
				F42AC25827194ED60042DBC8 /* ParstagramTests.swift in Sources */,
			);
			runOnlyForDeploymentPostprocessing = 0;
		};
		F42AC25A27194ED60042DBC8 /* Sources */ = {
			isa = PBXSourcesBuildPhase;
			buildActionMask = 2147483647;
			files = (
				F42AC26327194ED60042DBC8 /* ParstagramUITests.swift in Sources */,
			);
			runOnlyForDeploymentPostprocessing = 0;
		};
/* End PBXSourcesBuildPhase section */

/* Begin PBXTargetDependency section */
		F42AC25527194ED60042DBC8 /* PBXTargetDependency */ = {
			isa = PBXTargetDependency;
			target = F42AC23C27194ED50042DBC8 /* Parstagram */;
			targetProxy = F42AC25427194ED60042DBC8 /* PBXContainerItemProxy */;
		};
		F42AC26027194ED60042DBC8 /* PBXTargetDependency */ = {
			isa = PBXTargetDependency;
			target = F42AC23C27194ED50042DBC8 /* Parstagram */;
			targetProxy = F42AC25F27194ED60042DBC8 /* PBXContainerItemProxy */;
		};
/* End PBXTargetDependency section */

/* Begin PBXVariantGroup section */
		F42AC24627194ED50042DBC8 /* Main.storyboard */ = {
			isa = PBXVariantGroup;
			children = (
				F42AC24727194ED50042DBC8 /* Base */,
			);
			name = Main.storyboard;
			sourceTree = "<group>";
		};
		F42AC24B27194ED60042DBC8 /* LaunchScreen.storyboard */ = {
			isa = PBXVariantGroup;
			children = (
				F42AC24C27194ED60042DBC8 /* Base */,
			);
			name = LaunchScreen.storyboard;
			sourceTree = "<group>";
		};
/* End PBXVariantGroup section */

/* Begin XCBuildConfiguration section */
		F42AC26527194ED60042DBC8 /* Debug */ = {
			isa = XCBuildConfiguration;
			buildSettings = {
				ALWAYS_SEARCH_USER_PATHS = NO;
				CLANG_ANALYZER_NONNULL = YES;
				CLANG_ANALYZER_NUMBER_OBJECT_CONVERSION = YES_AGGRESSIVE;
				CLANG_CXX_LANGUAGE_STANDARD = "gnu++14";
				CLANG_CXX_LIBRARY = "libc++";
				CLANG_ENABLE_MODULES = YES;
				CLANG_ENABLE_OBJC_ARC = YES;
				CLANG_ENABLE_OBJC_WEAK = YES;
				CLANG_WARN_BLOCK_CAPTURE_AUTORELEASING = YES;
				CLANG_WARN_BOOL_CONVERSION = YES;
				CLANG_WARN_COMMA = YES;
				CLANG_WARN_CONSTANT_CONVERSION = YES;
				CLANG_WARN_DEPRECATED_OBJC_IMPLEMENTATIONS = YES;
				CLANG_WARN_DIRECT_OBJC_ISA_USAGE = YES_ERROR;
				CLANG_WARN_DOCUMENTATION_COMMENTS = YES;
				CLANG_WARN_EMPTY_BODY = YES;
				CLANG_WARN_ENUM_CONVERSION = YES;
				CLANG_WARN_INFINITE_RECURSION = YES;
				CLANG_WARN_INT_CONVERSION = YES;
				CLANG_WARN_NON_LITERAL_NULL_CONVERSION = YES;
				CLANG_WARN_OBJC_IMPLICIT_RETAIN_SELF = YES;
				CLANG_WARN_OBJC_LITERAL_CONVERSION = YES;
				CLANG_WARN_OBJC_ROOT_CLASS = YES_ERROR;
				CLANG_WARN_QUOTED_INCLUDE_IN_FRAMEWORK_HEADER = YES;
				CLANG_WARN_RANGE_LOOP_ANALYSIS = YES;
				CLANG_WARN_STRICT_PROTOTYPES = YES;
				CLANG_WARN_SUSPICIOUS_MOVE = YES;
				CLANG_WARN_UNGUARDED_AVAILABILITY = YES_AGGRESSIVE;
				CLANG_WARN_UNREACHABLE_CODE = YES;
				CLANG_WARN__DUPLICATE_METHOD_MATCH = YES;
				COPY_PHASE_STRIP = NO;
				DEBUG_INFORMATION_FORMAT = dwarf;
				ENABLE_STRICT_OBJC_MSGSEND = YES;
				ENABLE_TESTABILITY = YES;
				GCC_C_LANGUAGE_STANDARD = gnu11;
				GCC_DYNAMIC_NO_PIC = NO;
				GCC_NO_COMMON_BLOCKS = YES;
				GCC_OPTIMIZATION_LEVEL = 0;
				GCC_PREPROCESSOR_DEFINITIONS = (
					"DEBUG=1",
					"$(inherited)",
				);
				GCC_WARN_64_TO_32_BIT_CONVERSION = YES;
				GCC_WARN_ABOUT_RETURN_TYPE = YES_ERROR;
				GCC_WARN_UNDECLARED_SELECTOR = YES;
				GCC_WARN_UNINITIALIZED_AUTOS = YES_AGGRESSIVE;
				GCC_WARN_UNUSED_FUNCTION = YES;
				GCC_WARN_UNUSED_VARIABLE = YES;
				IPHONEOS_DEPLOYMENT_TARGET = 14.5;
				MTL_ENABLE_DEBUG_INFO = INCLUDE_SOURCE;
				MTL_FAST_MATH = YES;
				ONLY_ACTIVE_ARCH = YES;
				SDKROOT = iphoneos;
				SWIFT_ACTIVE_COMPILATION_CONDITIONS = DEBUG;
				SWIFT_OPTIMIZATION_LEVEL = "-Onone";
			};
			name = Debug;
		};
		F42AC26627194ED60042DBC8 /* Release */ = {
			isa = XCBuildConfiguration;
			buildSettings = {
				ALWAYS_SEARCH_USER_PATHS = NO;
				CLANG_ANALYZER_NONNULL = YES;
				CLANG_ANALYZER_NUMBER_OBJECT_CONVERSION = YES_AGGRESSIVE;
				CLANG_CXX_LANGUAGE_STANDARD = "gnu++14";
				CLANG_CXX_LIBRARY = "libc++";
				CLANG_ENABLE_MODULES = YES;
				CLANG_ENABLE_OBJC_ARC = YES;
				CLANG_ENABLE_OBJC_WEAK = YES;
				CLANG_WARN_BLOCK_CAPTURE_AUTORELEASING = YES;
				CLANG_WARN_BOOL_CONVERSION = YES;
				CLANG_WARN_COMMA = YES;
				CLANG_WARN_CONSTANT_CONVERSION = YES;
				CLANG_WARN_DEPRECATED_OBJC_IMPLEMENTATIONS = YES;
				CLANG_WARN_DIRECT_OBJC_ISA_USAGE = YES_ERROR;
				CLANG_WARN_DOCUMENTATION_COMMENTS = YES;
				CLANG_WARN_EMPTY_BODY = YES;
				CLANG_WARN_ENUM_CONVERSION = YES;
				CLANG_WARN_INFINITE_RECURSION = YES;
				CLANG_WARN_INT_CONVERSION = YES;
				CLANG_WARN_NON_LITERAL_NULL_CONVERSION = YES;
				CLANG_WARN_OBJC_IMPLICIT_RETAIN_SELF = YES;
				CLANG_WARN_OBJC_LITERAL_CONVERSION = YES;
				CLANG_WARN_OBJC_ROOT_CLASS = YES_ERROR;
				CLANG_WARN_QUOTED_INCLUDE_IN_FRAMEWORK_HEADER = YES;
				CLANG_WARN_RANGE_LOOP_ANALYSIS = YES;
				CLANG_WARN_STRICT_PROTOTYPES = YES;
				CLANG_WARN_SUSPICIOUS_MOVE = YES;
				CLANG_WARN_UNGUARDED_AVAILABILITY = YES_AGGRESSIVE;
				CLANG_WARN_UNREACHABLE_CODE = YES;
				CLANG_WARN__DUPLICATE_METHOD_MATCH = YES;
				COPY_PHASE_STRIP = NO;
				DEBUG_INFORMATION_FORMAT = "dwarf-with-dsym";
				ENABLE_NS_ASSERTIONS = NO;
				ENABLE_STRICT_OBJC_MSGSEND = YES;
				GCC_C_LANGUAGE_STANDARD = gnu11;
				GCC_NO_COMMON_BLOCKS = YES;
				GCC_WARN_64_TO_32_BIT_CONVERSION = YES;
				GCC_WARN_ABOUT_RETURN_TYPE = YES_ERROR;
				GCC_WARN_UNDECLARED_SELECTOR = YES;
				GCC_WARN_UNINITIALIZED_AUTOS = YES_AGGRESSIVE;
				GCC_WARN_UNUSED_FUNCTION = YES;
				GCC_WARN_UNUSED_VARIABLE = YES;
				IPHONEOS_DEPLOYMENT_TARGET = 14.5;
				MTL_ENABLE_DEBUG_INFO = NO;
				MTL_FAST_MATH = YES;
				SDKROOT = iphoneos;
				SWIFT_COMPILATION_MODE = wholemodule;
				SWIFT_OPTIMIZATION_LEVEL = "-O";
				VALIDATE_PRODUCT = YES;
			};
			name = Release;
		};
		F42AC26827194ED60042DBC8 /* Debug */ = {
			isa = XCBuildConfiguration;
			buildSettings = {
				ASSETCATALOG_COMPILER_APPICON_NAME = AppIcon;
				ASSETCATALOG_COMPILER_GLOBAL_ACCENT_COLOR_NAME = AccentColor;
				CODE_SIGN_STYLE = Automatic;
				INFOPLIST_FILE = Parstagram/Info.plist;
				LD_RUNPATH_SEARCH_PATHS = (
					"$(inherited)",
					"@executable_path/Frameworks",
				);
				PRODUCT_BUNDLE_IDENTIFIER = codepath.com.Parstagram;
				PRODUCT_NAME = "$(TARGET_NAME)";
				SWIFT_VERSION = 5.0;
				TARGETED_DEVICE_FAMILY = "1,2";
			};
			name = Debug;
		};
		F42AC26927194ED60042DBC8 /* Release */ = {
			isa = XCBuildConfiguration;
			buildSettings = {
				ASSETCATALOG_COMPILER_APPICON_NAME = AppIcon;
				ASSETCATALOG_COMPILER_GLOBAL_ACCENT_COLOR_NAME = AccentColor;
				CODE_SIGN_STYLE = Automatic;
				INFOPLIST_FILE = Parstagram/Info.plist;
				LD_RUNPATH_SEARCH_PATHS = (
					"$(inherited)",
					"@executable_path/Frameworks",
				);
				PRODUCT_BUNDLE_IDENTIFIER = codepath.com.Parstagram;
				PRODUCT_NAME = "$(TARGET_NAME)";
				SWIFT_VERSION = 5.0;
				TARGETED_DEVICE_FAMILY = "1,2";
			};
			name = Release;
		};
		F42AC26B27194ED60042DBC8 /* Debug */ = {
			isa = XCBuildConfiguration;
			buildSettings = {
				ALWAYS_EMBED_SWIFT_STANDARD_LIBRARIES = YES;
				BUNDLE_LOADER = "$(TEST_HOST)";
				CODE_SIGN_STYLE = Automatic;
				INFOPLIST_FILE = ParstagramTests/Info.plist;
				IPHONEOS_DEPLOYMENT_TARGET = 14.5;
				LD_RUNPATH_SEARCH_PATHS = (
					"$(inherited)",
					"@executable_path/Frameworks",
					"@loader_path/Frameworks",
				);
				PRODUCT_BUNDLE_IDENTIFIER = codepath.com.ParstagramTests;
				PRODUCT_NAME = "$(TARGET_NAME)";
				SWIFT_VERSION = 5.0;
				TARGETED_DEVICE_FAMILY = "1,2";
				TEST_HOST = "$(BUILT_PRODUCTS_DIR)/Parstagram.app/Parstagram";
			};
			name = Debug;
		};
		F42AC26C27194ED60042DBC8 /* Release */ = {
			isa = XCBuildConfiguration;
			buildSettings = {
				ALWAYS_EMBED_SWIFT_STANDARD_LIBRARIES = YES;
				BUNDLE_LOADER = "$(TEST_HOST)";
				CODE_SIGN_STYLE = Automatic;
				INFOPLIST_FILE = ParstagramTests/Info.plist;
				IPHONEOS_DEPLOYMENT_TARGET = 14.5;
				LD_RUNPATH_SEARCH_PATHS = (
					"$(inherited)",
					"@executable_path/Frameworks",
					"@loader_path/Frameworks",
				);
				PRODUCT_BUNDLE_IDENTIFIER = codepath.com.ParstagramTests;
				PRODUCT_NAME = "$(TARGET_NAME)";
				SWIFT_VERSION = 5.0;
				TARGETED_DEVICE_FAMILY = "1,2";
				TEST_HOST = "$(BUILT_PRODUCTS_DIR)/Parstagram.app/Parstagram";
			};
			name = Release;
		};
		F42AC26E27194ED60042DBC8 /* Debug */ = {
			isa = XCBuildConfiguration;
			buildSettings = {
				ALWAYS_EMBED_SWIFT_STANDARD_LIBRARIES = YES;
				CODE_SIGN_STYLE = Automatic;
				INFOPLIST_FILE = ParstagramUITests/Info.plist;
				LD_RUNPATH_SEARCH_PATHS = (
					"$(inherited)",
					"@executable_path/Frameworks",
					"@loader_path/Frameworks",
				);
				PRODUCT_BUNDLE_IDENTIFIER = codepath.com.ParstagramUITests;
				PRODUCT_NAME = "$(TARGET_NAME)";
				SWIFT_VERSION = 5.0;
				TARGETED_DEVICE_FAMILY = "1,2";
				TEST_TARGET_NAME = Parstagram;
			};
			name = Debug;
		};
		F42AC26F27194ED60042DBC8 /* Release */ = {
			isa = XCBuildConfiguration;
			buildSettings = {
				ALWAYS_EMBED_SWIFT_STANDARD_LIBRARIES = YES;
				CODE_SIGN_STYLE = Automatic;
				INFOPLIST_FILE = ParstagramUITests/Info.plist;
				LD_RUNPATH_SEARCH_PATHS = (
					"$(inherited)",
					"@executable_path/Frameworks",
					"@loader_path/Frameworks",
				);
				PRODUCT_BUNDLE_IDENTIFIER = codepath.com.ParstagramUITests;
				PRODUCT_NAME = "$(TARGET_NAME)";
				SWIFT_VERSION = 5.0;
				TARGETED_DEVICE_FAMILY = "1,2";
				TEST_TARGET_NAME = Parstagram;
			};
			name = Release;
		};
/* End XCBuildConfiguration section */

/* Begin XCConfigurationList section */
		F42AC23827194ED50042DBC8 /* Build configuration list for PBXProject "Parstagram" */ = {
			isa = XCConfigurationList;
			buildConfigurations = (
				F42AC26527194ED60042DBC8 /* Debug */,
				F42AC26627194ED60042DBC8 /* Release */,
			);
			defaultConfigurationIsVisible = 0;
			defaultConfigurationName = Release;
		};
		F42AC26727194ED60042DBC8 /* Build configuration list for PBXNativeTarget "Parstagram" */ = {
			isa = XCConfigurationList;
			buildConfigurations = (
				F42AC26827194ED60042DBC8 /* Debug */,
				F42AC26927194ED60042DBC8 /* Release */,
			);
			defaultConfigurationIsVisible = 0;
			defaultConfigurationName = Release;
		};
		F42AC26A27194ED60042DBC8 /* Build configuration list for PBXNativeTarget "ParstagramTests" */ = {
			isa = XCConfigurationList;
			buildConfigurations = (
				F42AC26B27194ED60042DBC8 /* Debug */,
				F42AC26C27194ED60042DBC8 /* Release */,
			);
			defaultConfigurationIsVisible = 0;
			defaultConfigurationName = Release;
		};
		F42AC26D27194ED60042DBC8 /* Build configuration list for PBXNativeTarget "ParstagramUITests" */ = {
			isa = XCConfigurationList;
			buildConfigurations = (
				F42AC26E27194ED60042DBC8 /* Debug */,
				F42AC26F27194ED60042DBC8 /* Release */,
			);
			defaultConfigurationIsVisible = 0;
			defaultConfigurationName = Release;
		};
/* End XCConfigurationList section */
	};
	rootObject = F42AC23527194ED50042DBC8 /* Project object */;
}
